
Microsoft Visual Studio Solution File, Format Version 12.00
# Visual Studio Version 17
VisualStudioVersion = 17.14.36109.1 d17.14
MinimumVisualStudioVersion = 10.0.40219.1
Project("{FAE04EC0-301F-11D3-BF4B-00C04F79EFBC}") = "Sistema De Almacen", "Sistema De Almacen\Sistema De Almacen.csproj", "{9B5267FA-6032-43AD-8153-DD69165E85A8}"
EndProject
Global
	GlobalSection(SolutionConfigurationPlatforms) = preSolution
		Debug|Any CPU = Debug|Any CPU
		Release|Any CPU = Release|Any CPU
	EndGlobalSection
	GlobalSection(ProjectConfigurationPlatforms) = postSolution
		{9B5267FA-6032-43AD-8153-DD69165E85A8}.Debug|Any CPU.ActiveCfg = Debug|Any CPU
		{9B5267FA-6032-43AD-8153-DD69165E85A8}.Debug|Any CPU.Build.0 = Debug|Any CPU
		{9B5267FA-6032-43AD-8153-DD69165E85A8}.Release|Any CPU.ActiveCfg = Release|Any CPU
		{9B5267FA-6032-43AD-8153-DD69165E85A8}.Release|Any CPU.Build.0 = Release|Any CPU
	EndGlobalSection
	GlobalSection(SolutionProperties) = preSolution
		HideSolutionNode = FALSE
	EndGlobalSection
	GlobalSection(ExtensibilityGlobals) = postSolution
		SolutionGuid = {3E4018D2-5F05-490C-AA67-F9144A627CB0}
	EndGlobalSection
EndGlobal
